
Microsoft Visual Studio Solution File, Format Version 12.00
# Visual Studio Version 17
VisualStudioVersion = 17.0.31903.59
MinimumVisualStudioVersion = 10.0.40219.1
Project("{FAE04EC0-301F-11D3-BF4B-00C04F79EFBC}") = "EmpMgmt", "EmpMgmt\EmpMgmt.csproj", "{EACAC9CF-D444-4DA9-A8CF-5B3A685345B7}"
EndProject
Global
	GlobalSection(SolutionConfigurationPlatforms) = preSolution
		Debug|Any CPU = Debug|Any CPU
		Release|Any CPU = Release|Any CPU
	EndGlobalSection
	GlobalSection(SolutionProperties) = preSolution
		HideSolutionNode = FALSE
	EndGlobalSection
	GlobalSection(ProjectConfigurationPlatforms) = postSolution
		{EACAC9CF-D444-4DA9-A8CF-5B3A685345B7}.Debug|Any CPU.ActiveCfg = Debug|Any CPU
		{EACAC9CF-D444-4DA9-A8CF-5B3A685345B7}.Debug|Any CPU.Build.0 = Debug|Any CPU
		{EACAC9CF-D444-4DA9-A8CF-5B3A685345B7}.Release|Any CPU.ActiveCfg = Release|Any CPU
		{EACAC9CF-D444-4DA9-A8CF-5B3A685345B7}.Release|Any CPU.Build.0 = Release|Any CPU
	EndGlobalSection
EndGlobal
